
Microsoft Visual Studio Solution File, Format Version 12.00
# Visual Studio Version 16
VisualStudioVersion = 16.0.28711.60
MinimumVisualStudioVersion = 10.0.40219.1
Project("{2150E333-8FDC-42A3-9474-1A3956D46DE8}") = "src", "src", "{E25C1577-1F65-48E9-8CA3-58F1EB2B6DED}"
EndProject
Project("{2150E333-8FDC-42A3-9474-1A3956D46DE8}") = "Middleware", "Middleware", "{C31801D7-0802-498C-9200-B55C195A14C6}"
EndProject
Project("{2150E333-8FDC-42A3-9474-1A3956D46DE8}") = "Modules", "Modules", "{127D4C61-BD74-4FA8-B52B-4C9D11C21806}"
EndProject
Project("{2150E333-8FDC-42A3-9474-1A3956D46DE8}") = "Samples", "Samples", "{BFF1F6A1-7F6F-41B0-A024-C3A994793E01}"
EndProject
Project("{2150E333-8FDC-42A3-9474-1A3956D46DE8}") = "Solution Items", "Solution Items", "{729F4556-2A5A-47A0-AAF5-2C40340B846B}"
	ProjectSection(SolutionItems) = preProject
		History.txt = History.txt
	EndProjectSection
EndProject
Project("{9A19103F-16F7-4668-BE54-9A1E7A4F7556}") = "TestSamples", "src\5.x\Samples\TestSamples\TestSamples.csproj", "{CC7D27D7-C6F9-4B9D-A262-BC1AAE625AF1}"
EndProject
Project("{FAE04EC0-301F-11D3-BF4B-00C04F79EFBC}") = "iAspNetcore.Middleware.LogRequest", "src\5.x\Middleware\iAspNetcore.Middleware.LogRequest\iAspNetcore.Middleware.LogRequest.csproj", "{0C2A30F6-D619-4C77-ADC5-B917197945B9}"
EndProject
Project("{FAE04EC0-301F-11D3-BF4B-00C04F79EFBC}") = "iAspNetcore.Middleware.LogResponse", "src\5.x\Middleware\iAspNetcore.Middleware.LogResponse\iAspNetcore.Middleware.LogResponse.csproj", "{B5F5E8A5-ABE5-4D76-9900-D64FB858E149}"
EndProject
Global
	GlobalSection(SolutionConfigurationPlatforms) = preSolution
		Debug|Any CPU = Debug|Any CPU
		Release|Any CPU = Release|Any CPU
	EndGlobalSection
	GlobalSection(ProjectConfigurationPlatforms) = postSolution
		{CC7D27D7-C6F9-4B9D-A262-BC1AAE625AF1}.Debug|Any CPU.ActiveCfg = Debug|Any CPU
		{CC7D27D7-C6F9-4B9D-A262-BC1AAE625AF1}.Debug|Any CPU.Build.0 = Debug|Any CPU
		{CC7D27D7-C6F9-4B9D-A262-BC1AAE625AF1}.Release|Any CPU.ActiveCfg = Release|Any CPU
		{CC7D27D7-C6F9-4B9D-A262-BC1AAE625AF1}.Release|Any CPU.Build.0 = Release|Any CPU
		{0C2A30F6-D619-4C77-ADC5-B917197945B9}.Debug|Any CPU.ActiveCfg = Debug|Any CPU
		{0C2A30F6-D619-4C77-ADC5-B917197945B9}.Debug|Any CPU.Build.0 = Debug|Any CPU
		{0C2A30F6-D619-4C77-ADC5-B917197945B9}.Release|Any CPU.ActiveCfg = Release|Any CPU
		{0C2A30F6-D619-4C77-ADC5-B917197945B9}.Release|Any CPU.Build.0 = Release|Any CPU
		{B5F5E8A5-ABE5-4D76-9900-D64FB858E149}.Debug|Any CPU.ActiveCfg = Debug|Any CPU
		{B5F5E8A5-ABE5-4D76-9900-D64FB858E149}.Debug|Any CPU.Build.0 = Debug|Any CPU
		{B5F5E8A5-ABE5-4D76-9900-D64FB858E149}.Release|Any CPU.ActiveCfg = Release|Any CPU
		{B5F5E8A5-ABE5-4D76-9900-D64FB858E149}.Release|Any CPU.Build.0 = Release|Any CPU
	EndGlobalSection
	GlobalSection(SolutionProperties) = preSolution
		HideSolutionNode = FALSE
	EndGlobalSection
	GlobalSection(NestedProjects) = preSolution
		{C31801D7-0802-498C-9200-B55C195A14C6} = {E25C1577-1F65-48E9-8CA3-58F1EB2B6DED}
		{127D4C61-BD74-4FA8-B52B-4C9D11C21806} = {E25C1577-1F65-48E9-8CA3-58F1EB2B6DED}
		{BFF1F6A1-7F6F-41B0-A024-C3A994793E01} = {E25C1577-1F65-48E9-8CA3-58F1EB2B6DED}
		{CC7D27D7-C6F9-4B9D-A262-BC1AAE625AF1} = {BFF1F6A1-7F6F-41B0-A024-C3A994793E01}
		{0C2A30F6-D619-4C77-ADC5-B917197945B9} = {C31801D7-0802-498C-9200-B55C195A14C6}
		{B5F5E8A5-ABE5-4D76-9900-D64FB858E149} = {C31801D7-0802-498C-9200-B55C195A14C6}
	EndGlobalSection
	GlobalSection(ExtensibilityGlobals) = postSolution
		SolutionGuid = {E21B150C-1BE7-4F32-9D12-DA0AC9FCFF23}
	EndGlobalSection
EndGlobal
